
Microsoft Visual Studio Solution File, Format Version 12.00
# Visual Studio Version 17
VisualStudioVersion = 17.10.35013.160
MinimumVisualStudioVersion = 10.0.40219.1
Project("{9A19103F-16F7-4668-BE54-9A1E7A4F7556}") = "ConsoleAppRabbitMQ", "ConsoleAppRabbitMQ\ConsoleAppRabbitMQ.csproj", "{7FEBB13B-69EB-44A0-9D15-FB3C66C9FB0B}"
EndProject
Global
	GlobalSection(SolutionConfigurationPlatforms) = preSolution
		Debug|Any CPU = Debug|Any CPU
		Release|Any CPU = Release|Any CPU
	EndGlobalSection
	GlobalSection(ProjectConfigurationPlatforms) = postSolution
		{7FEBB13B-69EB-44A0-9D15-FB3C66C9FB0B}.Debug|Any CPU.ActiveCfg = Debug|Any CPU
		{7FEBB13B-69EB-44A0-9D15-FB3C66C9FB0B}.Debug|Any CPU.Build.0 = Debug|Any CPU
		{7FEBB13B-69EB-44A0-9D15-FB3C66C9FB0B}.Release|Any CPU.ActiveCfg = Release|Any CPU
		{7FEBB13B-69EB-44A0-9D15-FB3C66C9FB0B}.Release|Any CPU.Build.0 = Release|Any CPU
	EndGlobalSection
	GlobalSection(SolutionProperties) = preSolution
		HideSolutionNode = FALSE
	EndGlobalSection
	GlobalSection(ExtensibilityGlobals) = postSolution
		SolutionGuid = {0C584240-400C-4EDD-8233-C857348638F6}
	EndGlobalSection
EndGlobal
